
Microsoft Visual Studio Solution File, Format Version 12.00
# Visual Studio Version 17
VisualStudioVersion = 17.5.33424.131
MinimumVisualStudioVersion = 10.0.40219.1
Project("{9A19103F-16F7-4668-BE54-9A1E7A4F7556}") = "HotelBooking", "HotelBooking\HotelBooking.csproj", "{FEFD4854-9DBC-4A65-8DF8-8F27473FBC18}"
EndProject
Project("{9A19103F-16F7-4668-BE54-9A1E7A4F7556}") = "Entities", "Entities\Entities.csproj", "{C1F48FAF-43BA-494F-8050-80E7D8B26195}"
EndProject
Project("{9A19103F-16F7-4668-BE54-9A1E7A4F7556}") = "Repository", "Repository\Repository.csproj", "{22EB7841-7CB6-4989-921C-1866F061F286}"
EndProject
Project("{FAE04EC0-301F-11D3-BF4B-00C04F79EFBC}") = "Contracts", "Contracts\Contracts.csproj", "{064B3188-7AEF-419A-8615-A3C04D6F94D3}"
EndProject
Project("{FAE04EC0-301F-11D3-BF4B-00C04F79EFBC}") = "LoggerService", "LoggerService\LoggerService.csproj", "{01B26B2A-D2D7-4848-B3B0-96D4B5292067}"
EndProject
Global
	GlobalSection(SolutionConfigurationPlatforms) = preSolution
		Debug|Any CPU = Debug|Any CPU
		Release|Any CPU = Release|Any CPU
	EndGlobalSection
	GlobalSection(ProjectConfigurationPlatforms) = postSolution
		{FEFD4854-9DBC-4A65-8DF8-8F27473FBC18}.Debug|Any CPU.ActiveCfg = Debug|Any CPU
		{FEFD4854-9DBC-4A65-8DF8-8F27473FBC18}.Debug|Any CPU.Build.0 = Debug|Any CPU
		{FEFD4854-9DBC-4A65-8DF8-8F27473FBC18}.Release|Any CPU.ActiveCfg = Release|Any CPU
		{FEFD4854-9DBC-4A65-8DF8-8F27473FBC18}.Release|Any CPU.Build.0 = Release|Any CPU
		{C1F48FAF-43BA-494F-8050-80E7D8B26195}.Debug|Any CPU.ActiveCfg = Debug|Any CPU
		{C1F48FAF-43BA-494F-8050-80E7D8B26195}.Debug|Any CPU.Build.0 = Debug|Any CPU
		{C1F48FAF-43BA-494F-8050-80E7D8B26195}.Release|Any CPU.ActiveCfg = Release|Any CPU
		{C1F48FAF-43BA-494F-8050-80E7D8B26195}.Release|Any CPU.Build.0 = Release|Any CPU
		{22EB7841-7CB6-4989-921C-1866F061F286}.Debug|Any CPU.ActiveCfg = Debug|Any CPU
		{22EB7841-7CB6-4989-921C-1866F061F286}.Debug|Any CPU.Build.0 = Debug|Any CPU
		{22EB7841-7CB6-4989-921C-1866F061F286}.Release|Any CPU.ActiveCfg = Release|Any CPU
		{22EB7841-7CB6-4989-921C-1866F061F286}.Release|Any CPU.Build.0 = Release|Any CPU
		{064B3188-7AEF-419A-8615-A3C04D6F94D3}.Debug|Any CPU.ActiveCfg = Debug|Any CPU
		{064B3188-7AEF-419A-8615-A3C04D6F94D3}.Debug|Any CPU.Build.0 = Debug|Any CPU
		{064B3188-7AEF-419A-8615-A3C04D6F94D3}.Release|Any CPU.ActiveCfg = Release|Any CPU
		{064B3188-7AEF-419A-8615-A3C04D6F94D3}.Release|Any CPU.Build.0 = Release|Any CPU
		{01B26B2A-D2D7-4848-B3B0-96D4B5292067}.Debug|Any CPU.ActiveCfg = Debug|Any CPU
		{01B26B2A-D2D7-4848-B3B0-96D4B5292067}.Debug|Any CPU.Build.0 = Debug|Any CPU
		{01B26B2A-D2D7-4848-B3B0-96D4B5292067}.Release|Any CPU.ActiveCfg = Release|Any CPU
		{01B26B2A-D2D7-4848-B3B0-96D4B5292067}.Release|Any CPU.Build.0 = Release|Any CPU
	EndGlobalSection
	GlobalSection(SolutionProperties) = preSolution
		HideSolutionNode = FALSE
	EndGlobalSection
	GlobalSection(ExtensibilityGlobals) = postSolution
		SolutionGuid = {BD17ADA1-C7FA-4F7A-B35D-33BE44FA2E56}
	EndGlobalSection
EndGlobal
